
Microsoft Visual Studio Solution File, Format Version 12.00
# Visual Studio Version 17
VisualStudioVersion = 17.9.34622.214
MinimumVisualStudioVersion = 10.0.40219.1
Project("{FAE04EC0-301F-11D3-BF4B-00C04F79EFBC}") = "CrudContacto.Server", "CrudContacto.Server\CrudContacto.Server.csproj", "{9EABD5DE-A3F1-4172-BB00-4D58A698F15C}"
EndProject
Project("{54A90642-561A-4BB1-A94E-469ADEE60C69}") = "crudcontacto.client", "crudcontacto.client\crudcontacto.client.esproj", "{2430ADF4-8649-4848-ACC4-4C5255C57D0A}"
EndProject
Global
	GlobalSection(SolutionConfigurationPlatforms) = preSolution
		Debug|Any CPU = Debug|Any CPU
		Release|Any CPU = Release|Any CPU
	EndGlobalSection
	GlobalSection(ProjectConfigurationPlatforms) = postSolution
		{9EABD5DE-A3F1-4172-BB00-4D58A698F15C}.Debug|Any CPU.ActiveCfg = Debug|Any CPU
		{9EABD5DE-A3F1-4172-BB00-4D58A698F15C}.Debug|Any CPU.Build.0 = Debug|Any CPU
		{9EABD5DE-A3F1-4172-BB00-4D58A698F15C}.Release|Any CPU.ActiveCfg = Release|Any CPU
		{9EABD5DE-A3F1-4172-BB00-4D58A698F15C}.Release|Any CPU.Build.0 = Release|Any CPU
		{2430ADF4-8649-4848-ACC4-4C5255C57D0A}.Debug|Any CPU.ActiveCfg = Debug|Any CPU
		{2430ADF4-8649-4848-ACC4-4C5255C57D0A}.Debug|Any CPU.Build.0 = Debug|Any CPU
		{2430ADF4-8649-4848-ACC4-4C5255C57D0A}.Debug|Any CPU.Deploy.0 = Debug|Any CPU
		{2430ADF4-8649-4848-ACC4-4C5255C57D0A}.Release|Any CPU.ActiveCfg = Release|Any CPU
		{2430ADF4-8649-4848-ACC4-4C5255C57D0A}.Release|Any CPU.Build.0 = Release|Any CPU
		{2430ADF4-8649-4848-ACC4-4C5255C57D0A}.Release|Any CPU.Deploy.0 = Release|Any CPU
	EndGlobalSection
	GlobalSection(SolutionProperties) = preSolution
		HideSolutionNode = FALSE
	EndGlobalSection
	GlobalSection(ExtensibilityGlobals) = postSolution
		SolutionGuid = {E9C55B28-5923-4BDB-B8B7-115B1380C5CB}
	EndGlobalSection
EndGlobal
